
Microsoft Visual Studio Solution File, Format Version 12.00
# Visual Studio Version 17
VisualStudioVersion = 17.2.32616.157
MinimumVisualStudioVersion = 10.0.40219.1
Project("{9A19103F-16F7-4668-BE54-9A1E7A4F7556}") = "WebApi1", "WebApp1\WebApi1.csproj", "{51113082-0EFD-452E-9AEB-8C5137201B99}"
EndProject
Project("{9A19103F-16F7-4668-BE54-9A1E7A4F7556}") = "WebApi2", "WebApp2\WebApi2.csproj", "{4D0ADB01-204C-4E13-A99C-7E900B233CE9}"
EndProject
Project("{2150E333-8FDC-42A3-9474-1A3956D46DE8}") = "Core", "Core", "{09EB59CB-52E8-424A-BAF8-66974513456E}"
EndProject
Project("{9A19103F-16F7-4668-BE54-9A1E7A4F7556}") = "Domain", "Domain\Domain.csproj", "{5B6AEC99-0409-419B-A64B-A8793649F940}"
EndProject
Project("{9A19103F-16F7-4668-BE54-9A1E7A4F7556}") = "Service", "Service\Service.csproj", "{F94FA31D-0F41-4006-8E5D-793D7F399B9E}"
EndProject
Project("{2150E333-8FDC-42A3-9474-1A3956D46DE8}") = "Infrastructure", "Infrastructure", "{89F133BA-6B0C-46EC-95E3-A89BDF94B7B6}"
EndProject
Project("{9A19103F-16F7-4668-BE54-9A1E7A4F7556}") = "Data", "Data\Data.csproj", "{0592610C-7A9C-4C05-96E8-61BE01463FBA}"
EndProject
Project("{2150E333-8FDC-42A3-9474-1A3956D46DE8}") = "WebApi2", "WebApi2", "{BD3C3F02-45F2-48E7-938E-97EA47AA007D}"
EndProject
Project("{2150E333-8FDC-42A3-9474-1A3956D46DE8}") = "WebApi1", "WebApi1", "{D232BCDA-4EDA-4730-B6D5-50BD257557A2}"
EndProject
Project("{2150E333-8FDC-42A3-9474-1A3956D46DE8}") = "Infrastructure", "Infrastructure", "{281899F0-53BB-47F2-B766-787E97696D59}"
EndProject
Project("{2150E333-8FDC-42A3-9474-1A3956D46DE8}") = "Core", "Core", "{0D45AE16-2EE7-4D1E-A8B2-DCBDEDECE976}"
EndProject
Project("{9A19103F-16F7-4668-BE54-9A1E7A4F7556}") = "api1Domain", "api1Domain\api1Domain.csproj", "{8D4C19DC-A200-46CE-A5B4-41059241C3C7}"
EndProject
Project("{9A19103F-16F7-4668-BE54-9A1E7A4F7556}") = "api1Service", "api1Service\api1Service.csproj", "{608ECA86-5D2A-4896-BAF7-BF5EE18035BD}"
EndProject
Global
	GlobalSection(SolutionConfigurationPlatforms) = preSolution
		Debug|Any CPU = Debug|Any CPU
		Release|Any CPU = Release|Any CPU
	EndGlobalSection
	GlobalSection(ProjectConfigurationPlatforms) = postSolution
		{51113082-0EFD-452E-9AEB-8C5137201B99}.Debug|Any CPU.ActiveCfg = Debug|Any CPU
		{51113082-0EFD-452E-9AEB-8C5137201B99}.Debug|Any CPU.Build.0 = Debug|Any CPU
		{51113082-0EFD-452E-9AEB-8C5137201B99}.Release|Any CPU.ActiveCfg = Release|Any CPU
		{51113082-0EFD-452E-9AEB-8C5137201B99}.Release|Any CPU.Build.0 = Release|Any CPU
		{4D0ADB01-204C-4E13-A99C-7E900B233CE9}.Debug|Any CPU.ActiveCfg = Debug|Any CPU
		{4D0ADB01-204C-4E13-A99C-7E900B233CE9}.Debug|Any CPU.Build.0 = Debug|Any CPU
		{4D0ADB01-204C-4E13-A99C-7E900B233CE9}.Release|Any CPU.ActiveCfg = Release|Any CPU
		{4D0ADB01-204C-4E13-A99C-7E900B233CE9}.Release|Any CPU.Build.0 = Release|Any CPU
		{5B6AEC99-0409-419B-A64B-A8793649F940}.Debug|Any CPU.ActiveCfg = Debug|Any CPU
		{5B6AEC99-0409-419B-A64B-A8793649F940}.Debug|Any CPU.Build.0 = Debug|Any CPU
		{5B6AEC99-0409-419B-A64B-A8793649F940}.Release|Any CPU.ActiveCfg = Release|Any CPU
		{5B6AEC99-0409-419B-A64B-A8793649F940}.Release|Any CPU.Build.0 = Release|Any CPU
		{F94FA31D-0F41-4006-8E5D-793D7F399B9E}.Debug|Any CPU.ActiveCfg = Debug|Any CPU
		{F94FA31D-0F41-4006-8E5D-793D7F399B9E}.Debug|Any CPU.Build.0 = Debug|Any CPU
		{F94FA31D-0F41-4006-8E5D-793D7F399B9E}.Release|Any CPU.ActiveCfg = Release|Any CPU
		{F94FA31D-0F41-4006-8E5D-793D7F399B9E}.Release|Any CPU.Build.0 = Release|Any CPU
		{0592610C-7A9C-4C05-96E8-61BE01463FBA}.Debug|Any CPU.ActiveCfg = Debug|Any CPU
		{0592610C-7A9C-4C05-96E8-61BE01463FBA}.Debug|Any CPU.Build.0 = Debug|Any CPU
		{0592610C-7A9C-4C05-96E8-61BE01463FBA}.Release|Any CPU.ActiveCfg = Release|Any CPU
		{0592610C-7A9C-4C05-96E8-61BE01463FBA}.Release|Any CPU.Build.0 = Release|Any CPU
		{8D4C19DC-A200-46CE-A5B4-41059241C3C7}.Debug|Any CPU.ActiveCfg = Debug|Any CPU
		{8D4C19DC-A200-46CE-A5B4-41059241C3C7}.Debug|Any CPU.Build.0 = Debug|Any CPU
		{8D4C19DC-A200-46CE-A5B4-41059241C3C7}.Release|Any CPU.ActiveCfg = Release|Any CPU
		{8D4C19DC-A200-46CE-A5B4-41059241C3C7}.Release|Any CPU.Build.0 = Release|Any CPU
		{608ECA86-5D2A-4896-BAF7-BF5EE18035BD}.Debug|Any CPU.ActiveCfg = Debug|Any CPU
		{608ECA86-5D2A-4896-BAF7-BF5EE18035BD}.Debug|Any CPU.Build.0 = Debug|Any CPU
		{608ECA86-5D2A-4896-BAF7-BF5EE18035BD}.Release|Any CPU.ActiveCfg = Release|Any CPU
		{608ECA86-5D2A-4896-BAF7-BF5EE18035BD}.Release|Any CPU.Build.0 = Release|Any CPU
	EndGlobalSection
	GlobalSection(SolutionProperties) = preSolution
		HideSolutionNode = FALSE
	EndGlobalSection
	GlobalSection(NestedProjects) = preSolution
		{51113082-0EFD-452E-9AEB-8C5137201B99} = {281899F0-53BB-47F2-B766-787E97696D59}
		{4D0ADB01-204C-4E13-A99C-7E900B233CE9} = {89F133BA-6B0C-46EC-95E3-A89BDF94B7B6}
		{09EB59CB-52E8-424A-BAF8-66974513456E} = {BD3C3F02-45F2-48E7-938E-97EA47AA007D}
		{5B6AEC99-0409-419B-A64B-A8793649F940} = {09EB59CB-52E8-424A-BAF8-66974513456E}
		{F94FA31D-0F41-4006-8E5D-793D7F399B9E} = {09EB59CB-52E8-424A-BAF8-66974513456E}
		{89F133BA-6B0C-46EC-95E3-A89BDF94B7B6} = {BD3C3F02-45F2-48E7-938E-97EA47AA007D}
		{0592610C-7A9C-4C05-96E8-61BE01463FBA} = {89F133BA-6B0C-46EC-95E3-A89BDF94B7B6}
		{281899F0-53BB-47F2-B766-787E97696D59} = {D232BCDA-4EDA-4730-B6D5-50BD257557A2}
		{0D45AE16-2EE7-4D1E-A8B2-DCBDEDECE976} = {D232BCDA-4EDA-4730-B6D5-50BD257557A2}
		{8D4C19DC-A200-46CE-A5B4-41059241C3C7} = {0D45AE16-2EE7-4D1E-A8B2-DCBDEDECE976}
		{608ECA86-5D2A-4896-BAF7-BF5EE18035BD} = {0D45AE16-2EE7-4D1E-A8B2-DCBDEDECE976}
	EndGlobalSection
	GlobalSection(ExtensibilityGlobals) = postSolution
		SolutionGuid = {AB5C0FAC-972B-4B64-83F0-EC719356C7C6}
	EndGlobalSection
EndGlobal
